
Microsoft Visual Studio Solution File, Format Version 12.00
# Visual Studio Version 16
VisualStudioVersion = 16.0.31205.134
MinimumVisualStudioVersion = 10.0.40219.1
Project("{9A19103F-16F7-4668-BE54-9A1E7A4F7556}") = "BlazorWebMaps.Server", "Server\BlazorWebMaps.Server.csproj", "{15604720-1726-41C5-8858-8A54C67B7619}"
EndProject
Project("{9A19103F-16F7-4668-BE54-9A1E7A4F7556}") = "BlazorWebMaps.Client", "Client\BlazorWebMaps.Client.csproj", "{3947C41C-F788-444C-B34B-CFF8FAB1D900}"
EndProject
Project("{9A19103F-16F7-4668-BE54-9A1E7A4F7556}") = "BlazorWebMaps.Shared", "Shared\BlazorWebMaps.Shared.csproj", "{3822F4E2-8E7C-498C-A768-AEE5408453F5}"
EndProject
Global
	GlobalSection(SolutionConfigurationPlatforms) = preSolution
		Debug|Any CPU = Debug|Any CPU
		Release|Any CPU = Release|Any CPU
	EndGlobalSection
	GlobalSection(ProjectConfigurationPlatforms) = postSolution
		{15604720-1726-41C5-8858-8A54C67B7619}.Debug|Any CPU.ActiveCfg = Debug|Any CPU
		{15604720-1726-41C5-8858-8A54C67B7619}.Debug|Any CPU.Build.0 = Debug|Any CPU
		{15604720-1726-41C5-8858-8A54C67B7619}.Release|Any CPU.ActiveCfg = Release|Any CPU
		{15604720-1726-41C5-8858-8A54C67B7619}.Release|Any CPU.Build.0 = Release|Any CPU
		{3947C41C-F788-444C-B34B-CFF8FAB1D900}.Debug|Any CPU.ActiveCfg = Debug|Any CPU
		{3947C41C-F788-444C-B34B-CFF8FAB1D900}.Debug|Any CPU.Build.0 = Debug|Any CPU
		{3947C41C-F788-444C-B34B-CFF8FAB1D900}.Release|Any CPU.ActiveCfg = Release|Any CPU
		{3947C41C-F788-444C-B34B-CFF8FAB1D900}.Release|Any CPU.Build.0 = Release|Any CPU
		{3822F4E2-8E7C-498C-A768-AEE5408453F5}.Debug|Any CPU.ActiveCfg = Debug|Any CPU
		{3822F4E2-8E7C-498C-A768-AEE5408453F5}.Debug|Any CPU.Build.0 = Debug|Any CPU
		{3822F4E2-8E7C-498C-A768-AEE5408453F5}.Release|Any CPU.ActiveCfg = Release|Any CPU
		{3822F4E2-8E7C-498C-A768-AEE5408453F5}.Release|Any CPU.Build.0 = Release|Any CPU
	EndGlobalSection
	GlobalSection(SolutionProperties) = preSolution
		HideSolutionNode = FALSE
	EndGlobalSection
	GlobalSection(ExtensibilityGlobals) = postSolution
		SolutionGuid = {2892720E-4097-46D4-A5C8-81D8D8A3CC6D}
	EndGlobalSection
EndGlobal
